
Microsoft Visual Studio Solution File, Format Version 12.00
# Visual Studio Version 16
VisualStudioVersion = 16.0.29519.87
MinimumVisualStudioVersion = 10.0.40219.1
Project("{FAE04EC0-301F-11D3-BF4B-00C04F79EFBC}") = "OOP.Fundamental", "OOP.Fundamental\OOP.Fundamental.csproj", "{A5920458-7375-4B93-8856-563A763A630C}"
EndProject
Global
	GlobalSection(SolutionConfigurationPlatforms) = preSolution
		Debug|Any CPU = Debug|Any CPU
		Release|Any CPU = Release|Any CPU
	EndGlobalSection
	GlobalSection(ProjectConfigurationPlatforms) = postSolution
		{A5920458-7375-4B93-8856-563A763A630C}.Debug|Any CPU.ActiveCfg = Debug|Any CPU
		{A5920458-7375-4B93-8856-563A763A630C}.Debug|Any CPU.Build.0 = Debug|Any CPU
		{A5920458-7375-4B93-8856-563A763A630C}.Release|Any CPU.ActiveCfg = Release|Any CPU
		{A5920458-7375-4B93-8856-563A763A630C}.Release|Any CPU.Build.0 = Release|Any CPU
	EndGlobalSection
	GlobalSection(SolutionProperties) = preSolution
		HideSolutionNode = FALSE
	EndGlobalSection
	GlobalSection(ExtensibilityGlobals) = postSolution
		SolutionGuid = {8138A52C-0DA8-4DE0-8CC3-2A09E354F39A}
	EndGlobalSection
EndGlobal
